
Microsoft Visual Studio Solution File, Format Version 12.00
# Visual Studio Version 17
VisualStudioVersion = 17.5.33530.505
MinimumVisualStudioVersion = 10.0.40219.1
Project("{9A19103F-16F7-4668-BE54-9A1E7A4F7556}") = "PCM.RENAC.Transversal.Common", "PCM.RENAC.Transversal.Common\PCM.RENAC.Transversal.Common.csproj", "{FCE5BEED-6E81-4BC5-9B9B-AF8B447F4862}"
EndProject
Project("{9A19103F-16F7-4668-BE54-9A1E7A4F7556}") = "PCM.RENAC.Transversal.Logging", "PCM.RENAC.Transversal.Logging\PCM.RENAC.Transversal.Logging.csproj", "{C11624EF-F108-4916-A0BE-9596816534CE}"
EndProject
Project("{9A19103F-16F7-4668-BE54-9A1E7A4F7556}") = "PCM.RENAC.Transversal.Mapper", "PCM.RENAC.Transversal.Mapper\PCM.RENAC.Transversal.Mapper.csproj", "{F2323598-FF02-4D3A-8D26-F1AF4BF5DF28}"
EndProject
Project("{2150E333-8FDC-42A3-9474-1A3956D46DE8}") = "10.Transversal", "10.Transversal", "{1D0DFF4D-4295-41DA-AC21-84E07274EBA7}"
EndProject
Project("{9A19103F-16F7-4668-BE54-9A1E7A4F7556}") = "PCM.RENAC.Domain", "PCM.RENAC.Domain\PCM.RENAC.Domain.csproj", "{C5BE1C1B-7FDE-4999-BF43-42AC7A63CC6F}"
EndProject
Project("{2150E333-8FDC-42A3-9474-1A3956D46DE8}") = "20.Dominio", "20.Dominio", "{41D72CDB-1737-4C21-AF7A-79C29C69A434}"
EndProject
Project("{9A19103F-16F7-4668-BE54-9A1E7A4F7556}") = "PCM.RENAC.Persistence", "PCM.RENAC.Persistence\PCM.RENAC.Persistence.csproj", "{8812BA9F-551C-4D51-9904-D4EC8BA4CBED}"
EndProject
Project("{2150E333-8FDC-42A3-9474-1A3956D46DE8}") = "30.Infraestructura", "30.Infraestructura", "{91C36471-EB61-43FF-99D0-12CF7A4F6AE7}"
EndProject
Project("{9A19103F-16F7-4668-BE54-9A1E7A4F7556}") = "PCM.RENAC.Application.Dto", "PCM.RENAC.Application.Dto\PCM.RENAC.Application.Dto.csproj", "{32B7850C-8642-46E9-A60B-86DCA9E7451B}"
EndProject
Project("{2150E333-8FDC-42A3-9474-1A3956D46DE8}") = "40.Aplicacion", "40.Aplicacion", "{F5E92921-E2C3-4F83-829A-50716F8BD3CF}"
EndProject
Project("{9A19103F-16F7-4668-BE54-9A1E7A4F7556}") = "PCM.RENAC.Application.Features", "PCM.RENAC.Application.Features\PCM.RENAC.Application.Features.csproj", "{9B22B96B-68BB-4CA5-90A3-DCE2A1D68A48}"
EndProject
Project("{9A19103F-16F7-4668-BE54-9A1E7A4F7556}") = "PCM.RENAC.Application.Interface", "PCM.RENAC.Application.Interface\PCM.RENAC.Application.Interface.csproj", "{ACA92033-1D25-43D8-86A8-34A0D2E994B5}"
EndProject
Project("{9A19103F-16F7-4668-BE54-9A1E7A4F7556}") = "PCM.RENAC.Application.Validator", "PCM.RENAC.Application.Validator\PCM.RENAC.Application.Validator.csproj", "{84F5AEA4-0F92-434B-B5E0-C3514772E172}"
EndProject
Project("{9A19103F-16F7-4668-BE54-9A1E7A4F7556}") = "PCM.RENAC.Application.Control", "PCM.RENAC.Application.Control\PCM.RENAC.Application.Control.csproj", "{C657C5A1-29ED-42A2-A279-71B792866515}"
EndProject
Project("{2150E333-8FDC-42A3-9474-1A3956D46DE8}") = "50.Servicio", "50.Servicio", "{A54550BD-28D1-4BC5-A554-E2385ED4647F}"
EndProject
Project("{FAE04EC0-301F-11D3-BF4B-00C04F79EFBC}") = "PCM.RENAC.Api", "PCM.RENAC.Api\PCM.RENAC.Api.csproj", "{9C77A905-F3F9-4DA1-BD0C-0DC73ED48321}"
EndProject
Global
	GlobalSection(SolutionConfigurationPlatforms) = preSolution
		Debug|Any CPU = Debug|Any CPU
		Release|Any CPU = Release|Any CPU
	EndGlobalSection
	GlobalSection(ProjectConfigurationPlatforms) = postSolution
		{FCE5BEED-6E81-4BC5-9B9B-AF8B447F4862}.Debug|Any CPU.ActiveCfg = Debug|Any CPU
		{FCE5BEED-6E81-4BC5-9B9B-AF8B447F4862}.Debug|Any CPU.Build.0 = Debug|Any CPU
		{FCE5BEED-6E81-4BC5-9B9B-AF8B447F4862}.Release|Any CPU.ActiveCfg = Release|Any CPU
		{FCE5BEED-6E81-4BC5-9B9B-AF8B447F4862}.Release|Any CPU.Build.0 = Release|Any CPU
		{C11624EF-F108-4916-A0BE-9596816534CE}.Debug|Any CPU.ActiveCfg = Debug|Any CPU
		{C11624EF-F108-4916-A0BE-9596816534CE}.Debug|Any CPU.Build.0 = Debug|Any CPU
		{C11624EF-F108-4916-A0BE-9596816534CE}.Release|Any CPU.ActiveCfg = Release|Any CPU
		{C11624EF-F108-4916-A0BE-9596816534CE}.Release|Any CPU.Build.0 = Release|Any CPU
		{F2323598-FF02-4D3A-8D26-F1AF4BF5DF28}.Debug|Any CPU.ActiveCfg = Debug|Any CPU
		{F2323598-FF02-4D3A-8D26-F1AF4BF5DF28}.Debug|Any CPU.Build.0 = Debug|Any CPU
		{F2323598-FF02-4D3A-8D26-F1AF4BF5DF28}.Release|Any CPU.ActiveCfg = Release|Any CPU
		{F2323598-FF02-4D3A-8D26-F1AF4BF5DF28}.Release|Any CPU.Build.0 = Release|Any CPU
		{C5BE1C1B-7FDE-4999-BF43-42AC7A63CC6F}.Debug|Any CPU.ActiveCfg = Debug|Any CPU
		{C5BE1C1B-7FDE-4999-BF43-42AC7A63CC6F}.Debug|Any CPU.Build.0 = Debug|Any CPU
		{C5BE1C1B-7FDE-4999-BF43-42AC7A63CC6F}.Release|Any CPU.ActiveCfg = Release|Any CPU
		{C5BE1C1B-7FDE-4999-BF43-42AC7A63CC6F}.Release|Any CPU.Build.0 = Release|Any CPU
		{8812BA9F-551C-4D51-9904-D4EC8BA4CBED}.Debug|Any CPU.ActiveCfg = Debug|Any CPU
		{8812BA9F-551C-4D51-9904-D4EC8BA4CBED}.Debug|Any CPU.Build.0 = Debug|Any CPU
		{8812BA9F-551C-4D51-9904-D4EC8BA4CBED}.Release|Any CPU.ActiveCfg = Release|Any CPU
		{8812BA9F-551C-4D51-9904-D4EC8BA4CBED}.Release|Any CPU.Build.0 = Release|Any CPU
		{32B7850C-8642-46E9-A60B-86DCA9E7451B}.Debug|Any CPU.ActiveCfg = Debug|Any CPU
		{32B7850C-8642-46E9-A60B-86DCA9E7451B}.Debug|Any CPU.Build.0 = Debug|Any CPU
		{32B7850C-8642-46E9-A60B-86DCA9E7451B}.Release|Any CPU.ActiveCfg = Release|Any CPU
		{32B7850C-8642-46E9-A60B-86DCA9E7451B}.Release|Any CPU.Build.0 = Release|Any CPU
		{9B22B96B-68BB-4CA5-90A3-DCE2A1D68A48}.Debug|Any CPU.ActiveCfg = Debug|Any CPU
		{9B22B96B-68BB-4CA5-90A3-DCE2A1D68A48}.Debug|Any CPU.Build.0 = Debug|Any CPU
		{9B22B96B-68BB-4CA5-90A3-DCE2A1D68A48}.Release|Any CPU.ActiveCfg = Release|Any CPU
		{9B22B96B-68BB-4CA5-90A3-DCE2A1D68A48}.Release|Any CPU.Build.0 = Release|Any CPU
		{ACA92033-1D25-43D8-86A8-34A0D2E994B5}.Debug|Any CPU.ActiveCfg = Debug|Any CPU
		{ACA92033-1D25-43D8-86A8-34A0D2E994B5}.Debug|Any CPU.Build.0 = Debug|Any CPU
		{ACA92033-1D25-43D8-86A8-34A0D2E994B5}.Release|Any CPU.ActiveCfg = Release|Any CPU
		{ACA92033-1D25-43D8-86A8-34A0D2E994B5}.Release|Any CPU.Build.0 = Release|Any CPU
		{84F5AEA4-0F92-434B-B5E0-C3514772E172}.Debug|Any CPU.ActiveCfg = Debug|Any CPU
		{84F5AEA4-0F92-434B-B5E0-C3514772E172}.Debug|Any CPU.Build.0 = Debug|Any CPU
		{84F5AEA4-0F92-434B-B5E0-C3514772E172}.Release|Any CPU.ActiveCfg = Release|Any CPU
		{84F5AEA4-0F92-434B-B5E0-C3514772E172}.Release|Any CPU.Build.0 = Release|Any CPU
		{C657C5A1-29ED-42A2-A279-71B792866515}.Debug|Any CPU.ActiveCfg = Debug|Any CPU
		{C657C5A1-29ED-42A2-A279-71B792866515}.Debug|Any CPU.Build.0 = Debug|Any CPU
		{C657C5A1-29ED-42A2-A279-71B792866515}.Release|Any CPU.ActiveCfg = Release|Any CPU
		{C657C5A1-29ED-42A2-A279-71B792866515}.Release|Any CPU.Build.0 = Release|Any CPU
		{9C77A905-F3F9-4DA1-BD0C-0DC73ED48321}.Debug|Any CPU.ActiveCfg = Debug|Any CPU
		{9C77A905-F3F9-4DA1-BD0C-0DC73ED48321}.Debug|Any CPU.Build.0 = Debug|Any CPU
		{9C77A905-F3F9-4DA1-BD0C-0DC73ED48321}.Release|Any CPU.ActiveCfg = Release|Any CPU
		{9C77A905-F3F9-4DA1-BD0C-0DC73ED48321}.Release|Any CPU.Build.0 = Release|Any CPU
	EndGlobalSection
	GlobalSection(SolutionProperties) = preSolution
		HideSolutionNode = FALSE
	EndGlobalSection
	GlobalSection(NestedProjects) = preSolution
		{FCE5BEED-6E81-4BC5-9B9B-AF8B447F4862} = {1D0DFF4D-4295-41DA-AC21-84E07274EBA7}
		{C11624EF-F108-4916-A0BE-9596816534CE} = {1D0DFF4D-4295-41DA-AC21-84E07274EBA7}
		{F2323598-FF02-4D3A-8D26-F1AF4BF5DF28} = {1D0DFF4D-4295-41DA-AC21-84E07274EBA7}
		{C5BE1C1B-7FDE-4999-BF43-42AC7A63CC6F} = {41D72CDB-1737-4C21-AF7A-79C29C69A434}
		{8812BA9F-551C-4D51-9904-D4EC8BA4CBED} = {91C36471-EB61-43FF-99D0-12CF7A4F6AE7}
		{32B7850C-8642-46E9-A60B-86DCA9E7451B} = {F5E92921-E2C3-4F83-829A-50716F8BD3CF}
		{9B22B96B-68BB-4CA5-90A3-DCE2A1D68A48} = {F5E92921-E2C3-4F83-829A-50716F8BD3CF}
		{ACA92033-1D25-43D8-86A8-34A0D2E994B5} = {F5E92921-E2C3-4F83-829A-50716F8BD3CF}
		{84F5AEA4-0F92-434B-B5E0-C3514772E172} = {F5E92921-E2C3-4F83-829A-50716F8BD3CF}
		{C657C5A1-29ED-42A2-A279-71B792866515} = {F5E92921-E2C3-4F83-829A-50716F8BD3CF}
		{9C77A905-F3F9-4DA1-BD0C-0DC73ED48321} = {A54550BD-28D1-4BC5-A554-E2385ED4647F}
	EndGlobalSection
	GlobalSection(ExtensibilityGlobals) = postSolution
		SolutionGuid = {5E0E02A5-1FB2-4527-8296-4B1CEDFD1595}
	EndGlobalSection
EndGlobal
